
Microsoft Visual Studio Solution File, Format Version 12.00
# Visual Studio Version 16
VisualStudioVersion = 16.0.30002.166
MinimumVisualStudioVersion = 10.0.40219.1
Project("{FAE04EC0-301F-11D3-BF4B-00C04F79EFBC}") = "BackendAPI", "BackendAPI\BackendAPI.csproj", "{706A95C7-1036-4875-859C-A1793713BC54}"
EndProject
Global
	GlobalSection(SolutionConfigurationPlatforms) = preSolution
		Debug|Any CPU = Debug|Any CPU
		Release|Any CPU = Release|Any CPU
	EndGlobalSection
	GlobalSection(ProjectConfigurationPlatforms) = postSolution
		{706A95C7-1036-4875-859C-A1793713BC54}.Debug|Any CPU.ActiveCfg = Debug|Any CPU
		{706A95C7-1036-4875-859C-A1793713BC54}.Debug|Any CPU.Build.0 = Debug|Any CPU
		{706A95C7-1036-4875-859C-A1793713BC54}.Release|Any CPU.ActiveCfg = Release|Any CPU
		{706A95C7-1036-4875-859C-A1793713BC54}.Release|Any CPU.Build.0 = Release|Any CPU
	EndGlobalSection
	GlobalSection(SolutionProperties) = preSolution
		HideSolutionNode = FALSE
	EndGlobalSection
	GlobalSection(ExtensibilityGlobals) = postSolution
		SolutionGuid = {8AF44A91-C314-48B5-9CD5-E56A14D1ACBC}
	EndGlobalSection
EndGlobal
